
Microsoft Visual Studio Solution File, Format Version 12.00
# Visual Studio Version 16
VisualStudioVersion = 16.0.29911.84
MinimumVisualStudioVersion = 10.0.40219.1
Project("{FAE04EC0-301F-11D3-BF4B-00C04F79EFBC}") = "CobaMVC", "CobaMVC\CobaMVC.csproj", "{042C3A2D-5FD1-4503-808D-8271FDA7C6F3}"
EndProject
Global
	GlobalSection(SolutionConfigurationPlatforms) = preSolution
		Debug|Any CPU = Debug|Any CPU
		Release|Any CPU = Release|Any CPU
	EndGlobalSection
	GlobalSection(ProjectConfigurationPlatforms) = postSolution
		{042C3A2D-5FD1-4503-808D-8271FDA7C6F3}.Debug|Any CPU.ActiveCfg = Debug|Any CPU
		{042C3A2D-5FD1-4503-808D-8271FDA7C6F3}.Debug|Any CPU.Build.0 = Debug|Any CPU
		{042C3A2D-5FD1-4503-808D-8271FDA7C6F3}.Release|Any CPU.ActiveCfg = Release|Any CPU
		{042C3A2D-5FD1-4503-808D-8271FDA7C6F3}.Release|Any CPU.Build.0 = Release|Any CPU
	EndGlobalSection
	GlobalSection(SolutionProperties) = preSolution
		HideSolutionNode = FALSE
	EndGlobalSection
	GlobalSection(ExtensibilityGlobals) = postSolution
		SolutionGuid = {94B9FE8E-163D-4020-8ACF-C0D1B51A778A}
	EndGlobalSection
EndGlobal
